// !$*UTF8*$!
{
	archiveVersion = 1;
	classes = {
	};
	objectVersion = 52;
	objects = {

/* Begin PBXBuildFile section */
		BD0717ED250B1437001FEFCD /* Text+CallToActionStyle.swift in Sources */ = {isa = PBXBuildFile; fileRef = BD0717EC250B1437001FEFCD /* Text+CallToActionStyle.swift */; };
		BD13CBBD24FF1D10009C5F5D /* MeetingListHeader.swift in Sources */ = {isa = PBXBuildFile; fileRef = BD13CBBC24FF1D10009C5F5D /* MeetingListHeader.swift */; };
		BD13CBC124FF4011009C5F5D /* FooterView.swift in Sources */ = {isa = PBXBuildFile; fileRef = BD13CBC024FF4011009C5F5D /* FooterView.swift */; };
		BD20FA0B24FB2E2300E74D39 /* MeetingListView.swift in Sources */ = {isa = PBXBuildFile; fileRef = BD20FA0A24FB2E2300E74D39 /* MeetingListView.swift */; };
		BD403D432505517D00BBFEB0 /* SettingsView.swift in Sources */ = {isa = PBXBuildFile; fileRef = BD403D422505517D00BBFEB0 /* SettingsView.swift */; };
		BD403D45250555C900BBFEB0 /* MeetingsViewModel.swift in Sources */ = {isa = PBXBuildFile; fileRef = BD403D44250555C900BBFEB0 /* MeetingsViewModel.swift */; };
		BD403D472505561300BBFEB0 /* SettingsModel.swift in Sources */ = {isa = PBXBuildFile; fileRef = BD403D462505561300BBFEB0 /* SettingsModel.swift */; };
		BD44C53A251D0FD300DFD42E /* TodayView.swift in Sources */ = {isa = PBXBuildFile; fileRef = BD44C539251D0FD300DFD42E /* TodayView.swift */; };
		BD44C53D251D11AB00DFD42E /* AllMeetingsView.swift in Sources */ = {isa = PBXBuildFile; fileRef = BD44C53C251D11AB00DFD42E /* AllMeetingsView.swift */; };
		BD5848E0250FCE7400B36CCB /* Color+Colors.swift in Sources */ = {isa = PBXBuildFile; fileRef = BD5848DF250FCE7400B36CCB /* Color+Colors.swift */; };
		BD5848E2250FCEBD00B36CCB /* Date+Extensions.swift in Sources */ = {isa = PBXBuildFile; fileRef = BD5848E1250FCEBD00B36CCB /* Date+Extensions.swift */; };
		BD5848E4250FCF2D00B36CCB /* Text+FontStyles.swift in Sources */ = {isa = PBXBuildFile; fileRef = BD5848E3250FCF2D00B36CCB /* Text+FontStyles.swift */; };
		BD5848E6250FE11400B36CCB /* AddHeaderView.swift in Sources */ = {isa = PBXBuildFile; fileRef = BD5848E5250FE11400B36CCB /* AddHeaderView.swift */; };
		BD86BAFB251E7A3A00627DF4 /* Preferences in Frameworks */ = {isa = PBXBuildFile; productRef = BD86BAFA251E7A3A00627DF4 /* Preferences */; };
		BD86BAFE251E7AE400627DF4 /* PreferencesView.swift in Sources */ = {isa = PBXBuildFile; fileRef = BD86BAFD251E7AE400627DF4 /* PreferencesView.swift */; };
		BD933CA024FB14E5001F8A90 /* Header.swift in Sources */ = {isa = PBXBuildFile; fileRef = BD933C9F24FB14E5001F8A90 /* Header.swift */; };
		BD9CAFB5251A7F8D006668C5 /* View+SystemName.swift in Sources */ = {isa = PBXBuildFile; fileRef = BD9CAFB4251A7F8D006668C5 /* View+SystemName.swift */; };
		BD9CAFB8251A863F006668C5 /* View+ConditionalModifier.swift in Sources */ = {isa = PBXBuildFile; fileRef = BD9CAFB7251A863E006668C5 /* View+ConditionalModifier.swift */; };
		BDA07474250B2829003D593C /* EmptyStateView.swift in Sources */ = {isa = PBXBuildFile; fileRef = BDA07473250B2829003D593C /* EmptyStateView.swift */; };
		BDA554A82514563700C84398 /* AppVersion.swift in Sources */ = {isa = PBXBuildFile; fileRef = BDA554A72514563700C84398 /* AppVersion.swift */; };
		BDA7D97B24FD60B500A18CA8 /* String+URLValidity.swift in Sources */ = {isa = PBXBuildFile; fileRef = BDA7D97A24FD60B500A18CA8 /* String+URLValidity.swift */; };
		BDB6699424FAE83E004052C0 /* AppDelegate.swift in Sources */ = {isa = PBXBuildFile; fileRef = BDB6699324FAE83E004052C0 /* AppDelegate.swift */; };
		BDB6699624FAE83E004052C0 /* ContentView.swift in Sources */ = {isa = PBXBuildFile; fileRef = BDB6699524FAE83E004052C0 /* ContentView.swift */; };
		BDB6699B24FAE841004052C0 /* Assets.xcassets in Resources */ = {isa = PBXBuildFile; fileRef = BDB6699A24FAE841004052C0 /* Assets.xcassets */; };
		BDB6699E24FAE841004052C0 /* Preview Assets.xcassets in Resources */ = {isa = PBXBuildFile; fileRef = BDB6699D24FAE841004052C0 /* Preview Assets.xcassets */; };
		BDB669A124FAE841004052C0 /* Main.storyboard in Resources */ = {isa = PBXBuildFile; fileRef = BDB6699F24FAE841004052C0 /* Main.storyboard */; };
		BDB669AA24FAFAB8004052C0 /* AddView.swift in Sources */ = {isa = PBXBuildFile; fileRef = BDB669A924FAFAB8004052C0 /* AddView.swift */; };
		BDB669AC24FAFAF8004052C0 /* RecurringMeetingModel.swift in Sources */ = {isa = PBXBuildFile; fileRef = BDB669AB24FAFAF8004052C0 /* RecurringMeetingModel.swift */; };
		BDB669B024FB016B004052C0 /* MeetingItemView.swift in Sources */ = {isa = PBXBuildFile; fileRef = BDB669AF24FB016B004052C0 /* MeetingItemView.swift */; };
		BDB750E7251312AA00F1149F /* Meeting.swift in Sources */ = {isa = PBXBuildFile; fileRef = BDB750E6251312AA00F1149F /* Meeting.swift */; };
		BDB750E92513155800F1149F /* OneTimeMeetingModel.swift in Sources */ = {isa = PBXBuildFile; fileRef = BDB750E82513155800F1149F /* OneTimeMeetingModel.swift */; };
		BDC5CCE424FB3CBC0003B1AB /* MainInfoView.swift in Sources */ = {isa = PBXBuildFile; fileRef = BDC5CCE324FB3CBC0003B1AB /* MainInfoView.swift */; };
		BDC5CCE624FB3D2D0003B1AB /* View+FormButton.swift in Sources */ = {isa = PBXBuildFile; fileRef = BDC5CCE524FB3D2D0003B1AB /* View+FormButton.swift */; };
		BDC5CCEA24FB41450003B1AB /* WeekPickerView.swift in Sources */ = {isa = PBXBuildFile; fileRef = BDC5CCE924FB41450003B1AB /* WeekPickerView.swift */; };
		BDC5CCED24FB440D0003B1AB /* UserInfo.swift in Sources */ = {isa = PBXBuildFile; fileRef = BDC5CCEC24FB440D0003B1AB /* UserInfo.swift */; };
		BDC5CCEF24FCC1EC0003B1AB /* DateAndTimeView.swift in Sources */ = {isa = PBXBuildFile; fileRef = BDC5CCEE24FCC1EC0003B1AB /* DateAndTimeView.swift */; };
		BDC5CCF124FCC5230003B1AB /* FormButtonsView.swift in Sources */ = {isa = PBXBuildFile; fileRef = BDC5CCF024FCC5230003B1AB /* FormButtonsView.swift */; };
		BDDCAB442500722900FFFD05 /* NextMeetingView.swift in Sources */ = {isa = PBXBuildFile; fileRef = BDDCAB432500722900FFFD05 /* NextMeetingView.swift */; };
		BDDCB29324FDAEC70006E1EA /* MeetingViewModel.swift in Sources */ = {isa = PBXBuildFile; fileRef = BDDCB29224FDAEC70006E1EA /* MeetingViewModel.swift */; };
		BDE66836250BEFB30069EF64 /* Assets in Resources */ = {isa = PBXBuildFile; fileRef = BDE66835250BEFB30069EF64 /* Assets */; };
		BDE66838250C8EBD0069EF64 /* Time.swift in Sources */ = {isa = PBXBuildFile; fileRef = BDE66837250C8EBD0069EF64 /* Time.swift */; };
		BDEF51A624FD6E9E00D9987C /* View+CustomAlert.swift in Sources */ = {isa = PBXBuildFile; fileRef = BDEF51A524FD6E9E00D9987C /* View+CustomAlert.swift */; };
		BDF0B07C251AAAC900FACE45 /* CalendarManager.swift in Sources */ = {isa = PBXBuildFile; fileRef = BDF0B07B251AAAC900FACE45 /* CalendarManager.swift */; };
		BDF3AE30251C03E80043CD99 /* CalendarMeetingsView.swift in Sources */ = {isa = PBXBuildFile; fileRef = BDF3AE2F251C03E80043CD99 /* CalendarMeetingsView.swift */; };
		BDFBE9FC25101D2C0066B48C /* Weekday.swift in Sources */ = {isa = PBXBuildFile; fileRef = BDFBE9FB25101D2C0066B48C /* Weekday.swift */; };
/* End PBXBuildFile section */

/* Begin PBXFileReference section */
		BD0717EC250B1437001FEFCD /* Text+CallToActionStyle.swift */ = {isa = PBXFileReference; lastKnownFileType = sourcecode.swift; path = "Text+CallToActionStyle.swift"; sourceTree = "<group>"; };
		BD13CBBC24FF1D10009C5F5D /* MeetingListHeader.swift */ = {isa = PBXFileReference; lastKnownFileType = sourcecode.swift; path = MeetingListHeader.swift; sourceTree = "<group>"; };
		BD13CBC024FF4011009C5F5D /* FooterView.swift */ = {isa = PBXFileReference; lastKnownFileType = sourcecode.swift; path = FooterView.swift; sourceTree = "<group>"; };
		BD20FA0A24FB2E2300E74D39 /* MeetingListView.swift */ = {isa = PBXFileReference; lastKnownFileType = sourcecode.swift; path = MeetingListView.swift; sourceTree = "<group>"; };
		BD403D422505517D00BBFEB0 /* SettingsView.swift */ = {isa = PBXFileReference; lastKnownFileType = sourcecode.swift; path = SettingsView.swift; sourceTree = "<group>"; };
		BD403D44250555C900BBFEB0 /* MeetingsViewModel.swift */ = {isa = PBXFileReference; lastKnownFileType = sourcecode.swift; path = MeetingsViewModel.swift; sourceTree = "<group>"; };
		BD403D462505561300BBFEB0 /* SettingsModel.swift */ = {isa = PBXFileReference; lastKnownFileType = sourcecode.swift; path = SettingsModel.swift; sourceTree = "<group>"; };
		BD44C539251D0FD300DFD42E /* TodayView.swift */ = {isa = PBXFileReference; lastKnownFileType = sourcecode.swift; path = TodayView.swift; sourceTree = "<group>"; };
		BD44C53C251D11AB00DFD42E /* AllMeetingsView.swift */ = {isa = PBXFileReference; lastKnownFileType = sourcecode.swift; path = AllMeetingsView.swift; sourceTree = "<group>"; };
		BD5848DF250FCE7400B36CCB /* Color+Colors.swift */ = {isa = PBXFileReference; lastKnownFileType = sourcecode.swift; path = "Color+Colors.swift"; sourceTree = "<group>"; };
		BD5848E1250FCEBD00B36CCB /* Date+Extensions.swift */ = {isa = PBXFileReference; lastKnownFileType = sourcecode.swift; path = "Date+Extensions.swift"; sourceTree = "<group>"; };
		BD5848E3250FCF2D00B36CCB /* Text+FontStyles.swift */ = {isa = PBXFileReference; lastKnownFileType = sourcecode.swift; path = "Text+FontStyles.swift"; sourceTree = "<group>"; };
		BD5848E5250FE11400B36CCB /* AddHeaderView.swift */ = {isa = PBXFileReference; lastKnownFileType = sourcecode.swift; path = AddHeaderView.swift; sourceTree = "<group>"; };
		BD86BAFD251E7AE400627DF4 /* PreferencesView.swift */ = {isa = PBXFileReference; lastKnownFileType = sourcecode.swift; path = PreferencesView.swift; sourceTree = "<group>"; };
		BD933C9F24FB14E5001F8A90 /* Header.swift */ = {isa = PBXFileReference; lastKnownFileType = sourcecode.swift; path = Header.swift; sourceTree = "<group>"; };
		BD9CAFB4251A7F8D006668C5 /* View+SystemName.swift */ = {isa = PBXFileReference; lastKnownFileType = sourcecode.swift; path = "View+SystemName.swift"; sourceTree = "<group>"; };
		BD9CAFB7251A863E006668C5 /* View+ConditionalModifier.swift */ = {isa = PBXFileReference; lastKnownFileType = sourcecode.swift; path = "View+ConditionalModifier.swift"; sourceTree = "<group>"; };
		BDA07473250B2829003D593C /* EmptyStateView.swift */ = {isa = PBXFileReference; lastKnownFileType = sourcecode.swift; path = EmptyStateView.swift; sourceTree = "<group>"; };
		BDA554A72514563700C84398 /* AppVersion.swift */ = {isa = PBXFileReference; lastKnownFileType = sourcecode.swift; path = AppVersion.swift; sourceTree = "<group>"; };
		BDA7D97A24FD60B500A18CA8 /* String+URLValidity.swift */ = {isa = PBXFileReference; lastKnownFileType = sourcecode.swift; path = "String+URLValidity.swift"; sourceTree = "<group>"; };
		BDB6699024FAE83E004052C0 /* Summit.app */ = {isa = PBXFileReference; explicitFileType = wrapper.application; includeInIndex = 0; path = Summit.app; sourceTree = BUILT_PRODUCTS_DIR; };
		BDB6699324FAE83E004052C0 /* AppDelegate.swift */ = {isa = PBXFileReference; lastKnownFileType = sourcecode.swift; path = AppDelegate.swift; sourceTree = "<group>"; };
		BDB6699524FAE83E004052C0 /* ContentView.swift */ = {isa = PBXFileReference; lastKnownFileType = sourcecode.swift; path = ContentView.swift; sourceTree = "<group>"; };
		BDB6699A24FAE841004052C0 /* Assets.xcassets */ = {isa = PBXFileReference; lastKnownFileType = folder.assetcatalog; path = Assets.xcassets; sourceTree = "<group>"; };
		BDB6699D24FAE841004052C0 /* Preview Assets.xcassets */ = {isa = PBXFileReference; lastKnownFileType = folder.assetcatalog; path = "Preview Assets.xcassets"; sourceTree = "<group>"; };
		BDB669A024FAE841004052C0 /* Base */ = {isa = PBXFileReference; lastKnownFileType = file.storyboard; name = Base; path = Base.lproj/Main.storyboard; sourceTree = "<group>"; };
		BDB669A224FAE841004052C0 /* Info.plist */ = {isa = PBXFileReference; lastKnownFileType = text.plist.xml; path = Info.plist; sourceTree = "<group>"; };
		BDB669A324FAE841004052C0 /* Summit.entitlements */ = {isa = PBXFileReference; lastKnownFileType = text.plist.entitlements; path = Summit.entitlements; sourceTree = "<group>"; };
		BDB669A924FAFAB8004052C0 /* AddView.swift */ = {isa = PBXFileReference; lastKnownFileType = sourcecode.swift; path = AddView.swift; sourceTree = "<group>"; };
		BDB669AB24FAFAF8004052C0 /* RecurringMeetingModel.swift */ = {isa = PBXFileReference; lastKnownFileType = sourcecode.swift; path = RecurringMeetingModel.swift; sourceTree = "<group>"; };
		BDB669AF24FB016B004052C0 /* MeetingItemView.swift */ = {isa = PBXFileReference; lastKnownFileType = sourcecode.swift; path = MeetingItemView.swift; sourceTree = "<group>"; };
		BDB750E6251312AA00F1149F /* Meeting.swift */ = {isa = PBXFileReference; lastKnownFileType = sourcecode.swift; path = Meeting.swift; sourceTree = "<group>"; };
		BDB750E82513155800F1149F /* OneTimeMeetingModel.swift */ = {isa = PBXFileReference; lastKnownFileType = sourcecode.swift; path = OneTimeMeetingModel.swift; sourceTree = "<group>"; };
		BDC5CCE324FB3CBC0003B1AB /* MainInfoView.swift */ = {isa = PBXFileReference; lastKnownFileType = sourcecode.swift; path = MainInfoView.swift; sourceTree = "<group>"; };
		BDC5CCE524FB3D2D0003B1AB /* View+FormButton.swift */ = {isa = PBXFileReference; lastKnownFileType = sourcecode.swift; path = "View+FormButton.swift"; sourceTree = "<group>"; };
		BDC5CCE924FB41450003B1AB /* WeekPickerView.swift */ = {isa = PBXFileReference; lastKnownFileType = sourcecode.swift; path = WeekPickerView.swift; sourceTree = "<group>"; };
		BDC5CCEC24FB440D0003B1AB /* UserInfo.swift */ = {isa = PBXFileReference; lastKnownFileType = sourcecode.swift; path = UserInfo.swift; sourceTree = "<group>"; };
		BDC5CCEE24FCC1EC0003B1AB /* DateAndTimeView.swift */ = {isa = PBXFileReference; lastKnownFileType = sourcecode.swift; path = DateAndTimeView.swift; sourceTree = "<group>"; };
		BDC5CCF024FCC5230003B1AB /* FormButtonsView.swift */ = {isa = PBXFileReference; lastKnownFileType = sourcecode.swift; path = FormButtonsView.swift; sourceTree = "<group>"; };
		BDDCAB432500722900FFFD05 /* NextMeetingView.swift */ = {isa = PBXFileReference; lastKnownFileType = sourcecode.swift; path = NextMeetingView.swift; sourceTree = "<group>"; };
		BDDCB29224FDAEC70006E1EA /* MeetingViewModel.swift */ = {isa = PBXFileReference; lastKnownFileType = sourcecode.swift; path = MeetingViewModel.swift; sourceTree = "<group>"; };
		BDE66835250BEFB30069EF64 /* Assets */ = {isa = PBXFileReference; lastKnownFileType = folder; path = Assets; sourceTree = "<group>"; };
		BDE66837250C8EBD0069EF64 /* Time.swift */ = {isa = PBXFileReference; lastKnownFileType = sourcecode.swift; path = Time.swift; sourceTree = "<group>"; };
		BDEF51A524FD6E9E00D9987C /* View+CustomAlert.swift */ = {isa = PBXFileReference; lastKnownFileType = sourcecode.swift; path = "View+CustomAlert.swift"; sourceTree = "<group>"; };
		BDF0B07B251AAAC900FACE45 /* CalendarManager.swift */ = {isa = PBXFileReference; lastKnownFileType = sourcecode.swift; path = CalendarManager.swift; sourceTree = "<group>"; };
		BDF3AE2F251C03E80043CD99 /* CalendarMeetingsView.swift */ = {isa = PBXFileReference; lastKnownFileType = sourcecode.swift; path = CalendarMeetingsView.swift; sourceTree = "<group>"; };
		BDFBE9FB25101D2C0066B48C /* Weekday.swift */ = {isa = PBXFileReference; lastKnownFileType = sourcecode.swift; path = Weekday.swift; sourceTree = "<group>"; };
/* End PBXFileReference section */

/* Begin PBXFrameworksBuildPhase section */
		BDB6698D24FAE83E004052C0 /* Frameworks */ = {
			isa = PBXFrameworksBuildPhase;
			buildActionMask = 2147483647;
			files = (
				BD86BAFB251E7A3A00627DF4 /* Preferences in Frameworks */,
			);
			runOnlyForDeploymentPostprocessing = 0;
		};
/* End PBXFrameworksBuildPhase section */

/* Begin PBXGroup section */
		BD44C541251D1FD000DFD42E /* Shared */ = {
			isa = PBXGroup;
			children = (
				BDB669AF24FB016B004052C0 /* MeetingItemView.swift */,
				BDA07473250B2829003D593C /* EmptyStateView.swift */,
			);
			path = Shared;
			sourceTree = "<group>";
		};
		BD44C542251D1FDE00DFD42E /* All Meetings */ = {
			isa = PBXGroup;
			children = (
				BD44C53C251D11AB00DFD42E /* AllMeetingsView.swift */,
				BDF3AE2F251C03E80043CD99 /* CalendarMeetingsView.swift */,
				BD13CBBC24FF1D10009C5F5D /* MeetingListHeader.swift */,
			);
			path = "All Meetings";
			sourceTree = "<group>";
		};
		BD44C543251D1FE600DFD42E /* Today's Meetings */ = {
			isa = PBXGroup;
			children = (
				BD44C539251D0FD300DFD42E /* TodayView.swift */,
				BDDCAB432500722900FFFD05 /* NextMeetingView.swift */,
			);
			path = "Today's Meetings";
			sourceTree = "<group>";
		};
		BD7991E9250893A2008841F7 /* Utils */ = {
			isa = PBXGroup;
			children = (
			);
			path = Utils;
			sourceTree = "<group>";
		};
		BD933C9D24FB14AF001F8A90 /* Views */ = {
			isa = PBXGroup;
			children = (
				BDB6699524FAE83E004052C0 /* ContentView.swift */,
				BD933C9F24FB14E5001F8A90 /* Header.swift */,
				BD13CBC024FF4011009C5F5D /* FooterView.swift */,
				BD403D422505517D00BBFEB0 /* SettingsView.swift */,
				BDC5CCE724FB40260003B1AB /* Meeting List */,
				BDC5CCE224FB3C940003B1AB /* Add Meeting */,
				BD86BAFD251E7AE400627DF4 /* PreferencesView.swift */,
			);
			path = Views;
			sourceTree = "<group>";
		};
		BD933C9E24FB14C2001F8A90 /* Model */ = {
			isa = PBXGroup;
			children = (
				BDB750E6251312AA00F1149F /* Meeting.swift */,
				BDB669AB24FAFAF8004052C0 /* RecurringMeetingModel.swift */,
				BDB750E82513155800F1149F /* OneTimeMeetingModel.swift */,
				BD403D462505561300BBFEB0 /* SettingsModel.swift */,
				BDE66837250C8EBD0069EF64 /* Time.swift */,
				BDFBE9FB25101D2C0066B48C /* Weekday.swift */,
			);
			path = Model;
			sourceTree = "<group>";
		};
		BDA7D97924FD609B00A18CA8 /* Helpers */ = {
			isa = PBXGroup;
			children = (
				BDF0B072251AAA6D00FACE45 /* Extensions */,
				BDF0B07B251AAAC900FACE45 /* CalendarManager.swift */,
			);
			path = Helpers;
			sourceTree = "<group>";
		};
		BDB6698724FAE83E004052C0 = {
			isa = PBXGroup;
			children = (
				BDB6699224FAE83E004052C0 /* Summit */,
				BDB6699124FAE83E004052C0 /* Products */,
			);
			sourceTree = "<group>";
		};
		BDB6699124FAE83E004052C0 /* Products */ = {
			isa = PBXGroup;
			children = (
				BDB6699024FAE83E004052C0 /* Summit.app */,
			);
			name = Products;
			sourceTree = "<group>";
		};
		BDB6699224FAE83E004052C0 /* Summit */ = {
			isa = PBXGroup;
			children = (
				BDB6699324FAE83E004052C0 /* AppDelegate.swift */,
				BD933C9E24FB14C2001F8A90 /* Model */,
				BD933C9D24FB14AF001F8A90 /* Views */,
				BDC5CCEB24FB43F00003B1AB /* ViewModel */,
				BDA7D97924FD609B00A18CA8 /* Helpers */,
				BDB6699A24FAE841004052C0 /* Assets.xcassets */,
				BDE66835250BEFB30069EF64 /* Assets */,
				BDB6699F24FAE841004052C0 /* Main.storyboard */,
				BDB669A224FAE841004052C0 /* Info.plist */,
				BDB669A324FAE841004052C0 /* Summit.entitlements */,
				BD7991E9250893A2008841F7 /* Utils */,
				BDB6699C24FAE841004052C0 /* Preview Content */,
			);
			path = Summit;
			sourceTree = "<group>";
		};
		BDB6699C24FAE841004052C0 /* Preview Content */ = {
			isa = PBXGroup;
			children = (
				BDB6699D24FAE841004052C0 /* Preview Assets.xcassets */,
			);
			path = "Preview Content";
			sourceTree = "<group>";
		};
		BDC5CCE224FB3C940003B1AB /* Add Meeting */ = {
			isa = PBXGroup;
			children = (
				BDB669A924FAFAB8004052C0 /* AddView.swift */,
				BD5848E5250FE11400B36CCB /* AddHeaderView.swift */,
				BDC5CCE324FB3CBC0003B1AB /* MainInfoView.swift */,
				BDC5CCEE24FCC1EC0003B1AB /* DateAndTimeView.swift */,
				BDC5CCE924FB41450003B1AB /* WeekPickerView.swift */,
				BDC5CCF024FCC5230003B1AB /* FormButtonsView.swift */,
			);
			path = "Add Meeting";
			sourceTree = "<group>";
		};
		BDC5CCE724FB40260003B1AB /* Meeting List */ = {
			isa = PBXGroup;
			children = (
				BD20FA0A24FB2E2300E74D39 /* MeetingListView.swift */,
				BD44C543251D1FE600DFD42E /* Today's Meetings */,
				BD44C542251D1FDE00DFD42E /* All Meetings */,
				BD44C541251D1FD000DFD42E /* Shared */,
			);
			path = "Meeting List";
			sourceTree = "<group>";
		};
		BDC5CCEB24FB43F00003B1AB /* ViewModel */ = {
			isa = PBXGroup;
			children = (
				BDC5CCEC24FB440D0003B1AB /* UserInfo.swift */,
				BD403D44250555C900BBFEB0 /* MeetingsViewModel.swift */,
				BDDCB29224FDAEC70006E1EA /* MeetingViewModel.swift */,
			);
			path = ViewModel;
			sourceTree = "<group>";
		};
		BDF0B072251AAA6D00FACE45 /* Extensions */ = {
			isa = PBXGroup;
			children = (
				BDC5CCE524FB3D2D0003B1AB /* View+FormButton.swift */,
				BDEF51A524FD6E9E00D9987C /* View+CustomAlert.swift */,
				BD9CAFB4251A7F8D006668C5 /* View+SystemName.swift */,
				BD9CAFB7251A863E006668C5 /* View+ConditionalModifier.swift */,
				BD5848E1250FCEBD00B36CCB /* Date+Extensions.swift */,
				BD0717EC250B1437001FEFCD /* Text+CallToActionStyle.swift */,
				BD5848E3250FCF2D00B36CCB /* Text+FontStyles.swift */,
				BD5848DF250FCE7400B36CCB /* Color+Colors.swift */,
				BDA7D97A24FD60B500A18CA8 /* String+URLValidity.swift */,
				BDA554A72514563700C84398 /* AppVersion.swift */,
			);
			path = Extensions;
			sourceTree = "<group>";
		};
/* End PBXGroup section */

/* Begin PBXNativeTarget section */
		BDB6698F24FAE83E004052C0 /* Summit */ = {
			isa = PBXNativeTarget;
			buildConfigurationList = BDB669A624FAE841004052C0 /* Build configuration list for PBXNativeTarget "Summit" */;
			buildPhases = (
				BDB6698C24FAE83E004052C0 /* Sources */,
				BDB6698D24FAE83E004052C0 /* Frameworks */,
				BDB6698E24FAE83E004052C0 /* Resources */,
			);
			buildRules = (
			);
			dependencies = (
			);
			name = Summit;
			packageProductDependencies = (
				BD86BAFA251E7A3A00627DF4 /* Preferences */,
			);
			productName = MeetingManager;
			productReference = BDB6699024FAE83E004052C0 /* Summit.app */;
			productType = "com.apple.product-type.application";
		};
/* End PBXNativeTarget section */

/* Begin PBXProject section */
		BDB6698824FAE83E004052C0 /* Project object */ = {
			isa = PBXProject;
			attributes = {
				LastSwiftUpdateCheck = 1150;
				LastUpgradeCheck = 1200;
				ORGANIZATIONNAME = samrshi;
				TargetAttributes = {
					BDB6698F24FAE83E004052C0 = {
						CreatedOnToolsVersion = 11.5;
					};
				};
			};
			buildConfigurationList = BDB6698B24FAE83E004052C0 /* Build configuration list for PBXProject "Summit" */;
			compatibilityVersion = "Xcode 9.3";
			developmentRegion = en;
			hasScannedForEncodings = 0;
			knownRegions = (
				en,
				Base,
			);
			mainGroup = BDB6698724FAE83E004052C0;
			packageReferences = (
				BD86BAF9251E7A3A00627DF4 /* XCRemoteSwiftPackageReference "Preferences" */,
			);
			productRefGroup = BDB6699124FAE83E004052C0 /* Products */;
			projectDirPath = "";
			projectRoot = "";
			targets = (
				BDB6698F24FAE83E004052C0 /* Summit */,
			);
		};
/* End PBXProject section */

/* Begin PBXResourcesBuildPhase section */
		BDB6698E24FAE83E004052C0 /* Resources */ = {
			isa = PBXResourcesBuildPhase;
			buildActionMask = 2147483647;
			files = (
				BDB669A124FAE841004052C0 /* Main.storyboard in Resources */,
				BDE66836250BEFB30069EF64 /* Assets in Resources */,
				BDB6699E24FAE841004052C0 /* Preview Assets.xcassets in Resources */,
				BDB6699B24FAE841004052C0 /* Assets.xcassets in Resources */,
			);
			runOnlyForDeploymentPostprocessing = 0;
		};
/* End PBXResourcesBuildPhase section */

/* Begin PBXSourcesBuildPhase section */
		BDB6698C24FAE83E004052C0 /* Sources */ = {
			isa = PBXSourcesBuildPhase;
			buildActionMask = 2147483647;
			files = (
				BDA554A82514563700C84398 /* AppVersion.swift in Sources */,
				BD9CAFB5251A7F8D006668C5 /* View+SystemName.swift in Sources */,
				BD403D432505517D00BBFEB0 /* SettingsView.swift in Sources */,
				BD13CBC124FF4011009C5F5D /* FooterView.swift in Sources */,
				BDB669AA24FAFAB8004052C0 /* AddView.swift in Sources */,
				BDF3AE30251C03E80043CD99 /* CalendarMeetingsView.swift in Sources */,
				BD933CA024FB14E5001F8A90 /* Header.swift in Sources */,
				BDC5CCF124FCC5230003B1AB /* FormButtonsView.swift in Sources */,
				BD44C53A251D0FD300DFD42E /* TodayView.swift in Sources */,
				BD5848E6250FE11400B36CCB /* AddHeaderView.swift in Sources */,
				BD20FA0B24FB2E2300E74D39 /* MeetingListView.swift in Sources */,
				BDE66838250C8EBD0069EF64 /* Time.swift in Sources */,
				BD9CAFB8251A863F006668C5 /* View+ConditionalModifier.swift in Sources */,
				BD5848E4250FCF2D00B36CCB /* Text+FontStyles.swift in Sources */,
				BDDCAB442500722900FFFD05 /* NextMeetingView.swift in Sources */,
				BDC5CCEA24FB41450003B1AB /* WeekPickerView.swift in Sources */,
				BD5848E0250FCE7400B36CCB /* Color+Colors.swift in Sources */,
				BDA7D97B24FD60B500A18CA8 /* String+URLValidity.swift in Sources */,
				BDB6699624FAE83E004052C0 /* ContentView.swift in Sources */,
				BDB669B024FB016B004052C0 /* MeetingItemView.swift in Sources */,
				BD44C53D251D11AB00DFD42E /* AllMeetingsView.swift in Sources */,
				BDA07474250B2829003D593C /* EmptyStateView.swift in Sources */,
				BD86BAFE251E7AE400627DF4 /* PreferencesView.swift in Sources */,
				BDB750E7251312AA00F1149F /* Meeting.swift in Sources */,
				BDC5CCEF24FCC1EC0003B1AB /* DateAndTimeView.swift in Sources */,
				BDF0B07C251AAAC900FACE45 /* CalendarManager.swift in Sources */,
				BD403D472505561300BBFEB0 /* SettingsModel.swift in Sources */,
				BDFBE9FC25101D2C0066B48C /* Weekday.swift in Sources */,
				BDB6699424FAE83E004052C0 /* AppDelegate.swift in Sources */,
				BDB750E92513155800F1149F /* OneTimeMeetingModel.swift in Sources */,
				BDC5CCE624FB3D2D0003B1AB /* View+FormButton.swift in Sources */,
				BD403D45250555C900BBFEB0 /* MeetingsViewModel.swift in Sources */,
				BD13CBBD24FF1D10009C5F5D /* MeetingListHeader.swift in Sources */,
				BD0717ED250B1437001FEFCD /* Text+CallToActionStyle.swift in Sources */,
				BDC5CCED24FB440D0003B1AB /* UserInfo.swift in Sources */,
				BD5848E2250FCEBD00B36CCB /* Date+Extensions.swift in Sources */,
				BDB669AC24FAFAF8004052C0 /* RecurringMeetingModel.swift in Sources */,
				BDC5CCE424FB3CBC0003B1AB /* MainInfoView.swift in Sources */,
				BDEF51A624FD6E9E00D9987C /* View+CustomAlert.swift in Sources */,
				BDDCB29324FDAEC70006E1EA /* MeetingViewModel.swift in Sources */,
			);
			runOnlyForDeploymentPostprocessing = 0;
		};
/* End PBXSourcesBuildPhase section */

/* Begin PBXVariantGroup section */
		BDB6699F24FAE841004052C0 /* Main.storyboard */ = {
			isa = PBXVariantGroup;
			children = (
				BDB669A024FAE841004052C0 /* Base */,
			);
			name = Main.storyboard;
			sourceTree = "<group>";
		};
/* End PBXVariantGroup section */

/* Begin XCBuildConfiguration section */
		BDB669A424FAE841004052C0 /* Debug */ = {
			isa = XCBuildConfiguration;
			buildSettings = {
				ALWAYS_SEARCH_USER_PATHS = NO;
				CLANG_ANALYZER_NONNULL = YES;
				CLANG_ANALYZER_NUMBER_OBJECT_CONVERSION = YES_AGGRESSIVE;
				CLANG_CXX_LANGUAGE_STANDARD = "gnu++14";
				CLANG_CXX_LIBRARY = "libc++";
				CLANG_ENABLE_MODULES = YES;
				CLANG_ENABLE_OBJC_ARC = YES;
				CLANG_ENABLE_OBJC_WEAK = YES;
				CLANG_WARN_BLOCK_CAPTURE_AUTORELEASING = YES;
				CLANG_WARN_BOOL_CONVERSION = YES;
				CLANG_WARN_COMMA = YES;
				CLANG_WARN_CONSTANT_CONVERSION = YES;
				CLANG_WARN_DEPRECATED_OBJC_IMPLEMENTATIONS = YES;
				CLANG_WARN_DIRECT_OBJC_ISA_USAGE = YES_ERROR;
				CLANG_WARN_DOCUMENTATION_COMMENTS = YES;
				CLANG_WARN_EMPTY_BODY = YES;
				CLANG_WARN_ENUM_CONVERSION = YES;
				CLANG_WARN_INFINITE_RECURSION = YES;
				CLANG_WARN_INT_CONVERSION = YES;
				CLANG_WARN_NON_LITERAL_NULL_CONVERSION = YES;
				CLANG_WARN_OBJC_IMPLICIT_RETAIN_SELF = YES;
				CLANG_WARN_OBJC_LITERAL_CONVERSION = YES;
				CLANG_WARN_OBJC_ROOT_CLASS = YES_ERROR;
				CLANG_WARN_QUOTED_INCLUDE_IN_FRAMEWORK_HEADER = YES;
				CLANG_WARN_RANGE_LOOP_ANALYSIS = YES;
				CLANG_WARN_STRICT_PROTOTYPES = YES;
				CLANG_WARN_SUSPICIOUS_MOVE = YES;
				CLANG_WARN_UNGUARDED_AVAILABILITY = YES_AGGRESSIVE;
				CLANG_WARN_UNREACHABLE_CODE = YES;
				CLANG_WARN__DUPLICATE_METHOD_MATCH = YES;
				CODE_SIGN_ENTITLEMENTS = "hawkeyeshi@gmail.com";
				CODE_SIGN_IDENTITY = "Apple Development: hawkeyeshi@gmail.com (Q9PPH2T3L2)";
				COPY_PHASE_STRIP = NO;
				DEBUG_INFORMATION_FORMAT = dwarf;
				ENABLE_STRICT_OBJC_MSGSEND = YES;
				ENABLE_TESTABILITY = YES;
				GCC_C_LANGUAGE_STANDARD = gnu11;
				GCC_DYNAMIC_NO_PIC = NO;
				GCC_NO_COMMON_BLOCKS = YES;
				GCC_OPTIMIZATION_LEVEL = 0;
				GCC_PREPROCESSOR_DEFINITIONS = (
					"DEBUG=1",
					"$(inherited)",
				);
				GCC_WARN_64_TO_32_BIT_CONVERSION = YES;
				GCC_WARN_ABOUT_RETURN_TYPE = YES_ERROR;
				GCC_WARN_UNDECLARED_SELECTOR = YES;
				GCC_WARN_UNINITIALIZED_AUTOS = YES_AGGRESSIVE;
				GCC_WARN_UNUSED_FUNCTION = YES;
				GCC_WARN_UNUSED_VARIABLE = YES;
				MACOSX_DEPLOYMENT_TARGET = 10.15;
				MTL_ENABLE_DEBUG_INFO = INCLUDE_SOURCE;
				MTL_FAST_MATH = YES;
				ONLY_ACTIVE_ARCH = YES;
				PRODUCT_BUNDLE_IDENTIFIER = "${PROJECT_NAME}";
				PRODUCT_NAME = Summit;
				SDKROOT = macosx;
				SWIFT_ACTIVE_COMPILATION_CONDITIONS = DEBUG;
				SWIFT_OPTIMIZATION_LEVEL = "-Onone";
			};
			name = Debug;
		};
		BDB669A524FAE841004052C0 /* Release */ = {
			isa = XCBuildConfiguration;
			buildSettings = {
				ALWAYS_SEARCH_USER_PATHS = NO;
				CLANG_ANALYZER_NONNULL = YES;
				CLANG_ANALYZER_NUMBER_OBJECT_CONVERSION = YES_AGGRESSIVE;
				CLANG_CXX_LANGUAGE_STANDARD = "gnu++14";
				CLANG_CXX_LIBRARY = "libc++";
				CLANG_ENABLE_MODULES = YES;
				CLANG_ENABLE_OBJC_ARC = YES;
				CLANG_ENABLE_OBJC_WEAK = YES;
				CLANG_WARN_BLOCK_CAPTURE_AUTORELEASING = YES;
				CLANG_WARN_BOOL_CONVERSION = YES;
				CLANG_WARN_COMMA = YES;
				CLANG_WARN_CONSTANT_CONVERSION = YES;
				CLANG_WARN_DEPRECATED_OBJC_IMPLEMENTATIONS = YES;
				CLANG_WARN_DIRECT_OBJC_ISA_USAGE = YES_ERROR;
				CLANG_WARN_DOCUMENTATION_COMMENTS = YES;
				CLANG_WARN_EMPTY_BODY = YES;
				CLANG_WARN_ENUM_CONVERSION = YES;
				CLANG_WARN_INFINITE_RECURSION = YES;
				CLANG_WARN_INT_CONVERSION = YES;
				CLANG_WARN_NON_LITERAL_NULL_CONVERSION = YES;
				CLANG_WARN_OBJC_IMPLICIT_RETAIN_SELF = YES;
				CLANG_WARN_OBJC_LITERAL_CONVERSION = YES;
				CLANG_WARN_OBJC_ROOT_CLASS = YES_ERROR;
				CLANG_WARN_QUOTED_INCLUDE_IN_FRAMEWORK_HEADER = YES;
				CLANG_WARN_RANGE_LOOP_ANALYSIS = YES;
				CLANG_WARN_STRICT_PROTOTYPES = YES;
				CLANG_WARN_SUSPICIOUS_MOVE = YES;
				CLANG_WARN_UNGUARDED_AVAILABILITY = YES_AGGRESSIVE;
				CLANG_WARN_UNREACHABLE_CODE = YES;
				CLANG_WARN__DUPLICATE_METHOD_MATCH = YES;
				CODE_SIGN_ENTITLEMENTS = "hawkeyeshi@gmail.com";
				CODE_SIGN_IDENTITY = "Apple Development: hawkeyeshi@gmail.com (Q9PPH2T3L2)";
				COPY_PHASE_STRIP = NO;
				DEBUG_INFORMATION_FORMAT = "dwarf-with-dsym";
				ENABLE_NS_ASSERTIONS = NO;
				ENABLE_STRICT_OBJC_MSGSEND = YES;
				GCC_C_LANGUAGE_STANDARD = gnu11;
				GCC_NO_COMMON_BLOCKS = YES;
				GCC_WARN_64_TO_32_BIT_CONVERSION = YES;
				GCC_WARN_ABOUT_RETURN_TYPE = YES_ERROR;
				GCC_WARN_UNDECLARED_SELECTOR = YES;
				GCC_WARN_UNINITIALIZED_AUTOS = YES_AGGRESSIVE;
				GCC_WARN_UNUSED_FUNCTION = YES;
				GCC_WARN_UNUSED_VARIABLE = YES;
				MACOSX_DEPLOYMENT_TARGET = 10.15;
				MTL_ENABLE_DEBUG_INFO = NO;
				MTL_FAST_MATH = YES;
				PRODUCT_BUNDLE_IDENTIFIER = "${PROJECT_NAME}";
				PRODUCT_NAME = Summit;
				SDKROOT = macosx;
				SWIFT_COMPILATION_MODE = wholemodule;
				SWIFT_OPTIMIZATION_LEVEL = "-O";
			};
			name = Release;
		};
		BDB669A724FAE841004052C0 /* Debug */ = {
			isa = XCBuildConfiguration;
			buildSettings = {
				ASSETCATALOG_COMPILER_APPICON_NAME = AppIcon;
				CODE_SIGN_ENTITLEMENTS = Summit/Summit.entitlements;
				CODE_SIGN_IDENTITY = "Apple Development";
				CODE_SIGN_STYLE = Automatic;
				COMBINE_HIDPI_IMAGES = YES;
				CURRENT_PROJECT_VERSION = 6;
				DEVELOPMENT_ASSET_PATHS = "\"Summit/Preview Content\"";
				DEVELOPMENT_TEAM = Q9PPH2T3L2;
				ENABLE_HARDENED_RUNTIME = YES;
				ENABLE_PREVIEWS = YES;
				INFOPLIST_FILE = Summit/Info.plist;
				LD_RUNPATH_SEARCH_PATHS = (
					"$(inherited)",
					"@executable_path/../Frameworks",
				);
				MACOSX_DEPLOYMENT_TARGET = 10.15;
				MARKETING_VERSION = 1.1.2;
				PRODUCT_BUNDLE_IDENTIFIER = com.samuelshi.Summit;
				PRODUCT_NAME = "$(TARGET_NAME)";
				SWIFT_VERSION = 5.0;
			};
			name = Debug;
		};
		BDB669A824FAE841004052C0 /* Release */ = {
			isa = XCBuildConfiguration;
			buildSettings = {
				ASSETCATALOG_COMPILER_APPICON_NAME = AppIcon;
				CODE_SIGN_ENTITLEMENTS = Summit/Summit.entitlements;
				CODE_SIGN_IDENTITY = "Apple Development";
				CODE_SIGN_STYLE = Automatic;
				COMBINE_HIDPI_IMAGES = YES;
				CURRENT_PROJECT_VERSION = 6;
				DEVELOPMENT_ASSET_PATHS = "\"Summit/Preview Content\"";
				DEVELOPMENT_TEAM = Q9PPH2T3L2;
				ENABLE_HARDENED_RUNTIME = YES;
				ENABLE_PREVIEWS = YES;
				INFOPLIST_FILE = Summit/Info.plist;
				LD_RUNPATH_SEARCH_PATHS = (
					"$(inherited)",
					"@executable_path/../Frameworks",
				);
				MACOSX_DEPLOYMENT_TARGET = 10.15;
				MARKETING_VERSION = 1.1.2;
				PRODUCT_BUNDLE_IDENTIFIER = com.samuelshi.Summit;
				PRODUCT_NAME = "$(TARGET_NAME)";
				SWIFT_VERSION = 5.0;
			};
			name = Release;
		};
/* End XCBuildConfiguration section */

/* Begin XCConfigurationList section */
		BDB6698B24FAE83E004052C0 /* Build configuration list for PBXProject "Summit" */ = {
			isa = XCConfigurationList;
			buildConfigurations = (
				BDB669A424FAE841004052C0 /* Debug */,
				BDB669A524FAE841004052C0 /* Release */,
			);
			defaultConfigurationIsVisible = 0;
			defaultConfigurationName = Release;
		};
		BDB669A624FAE841004052C0 /* Build configuration list for PBXNativeTarget "Summit" */ = {
			isa = XCConfigurationList;
			buildConfigurations = (
				BDB669A724FAE841004052C0 /* Debug */,
				BDB669A824FAE841004052C0 /* Release */,
			);
			defaultConfigurationIsVisible = 0;
			defaultConfigurationName = Release;
		};
/* End XCConfigurationList section */

/* Begin XCRemoteSwiftPackageReference section */
		BD86BAF9251E7A3A00627DF4 /* XCRemoteSwiftPackageReference "Preferences" */ = {
			isa = XCRemoteSwiftPackageReference;
			repositoryURL = "https://github.com/sindresorhus/Preferences";
			requirement = {
				kind = upToNextMajorVersion;
				minimumVersion = 2.0.1;
			};
		};
/* End XCRemoteSwiftPackageReference section */

/* Begin XCSwiftPackageProductDependency section */
		BD86BAFA251E7A3A00627DF4 /* Preferences */ = {
			isa = XCSwiftPackageProductDependency;
			package = BD86BAF9251E7A3A00627DF4 /* XCRemoteSwiftPackageReference "Preferences" */;
			productName = Preferences;
		};
/* End XCSwiftPackageProductDependency section */
	};
	rootObject = BDB6698824FAE83E004052C0 /* Project object */;
}
